
Microsoft Visual Studio Solution File, Format Version 12.00
Project("{FAE04EC0-301F-11D3-BF4B-00C04F79EFBC}") = "WebApplication1", "WebApplication1\WebApplication1.csproj", "{BCA49C09-0128-4517-AFCB-7EFD01A1D67E}"
EndProject
Project("{FAE04EC0-301F-11D3-BF4B-00C04F79EFBC}") = "GrpcService1", "GrpcService1\GrpcService1.csproj", "{911A7215-FEFE-4D94-A31E-3768D3686017}"
EndProject
Project("{FAE04EC0-301F-11D3-BF4B-00C04F79EFBC}") = "CQRS", "CQRS\CQRS.csproj", "{45184F16-3B5B-4EBE-BE15-8155E4229BA7}"
EndProject
Project("{FAE04EC0-301F-11D3-BF4B-00C04F79EFBC}") = "UOW", "UOW\UOW.csproj", "{F19C0D85-740C-4894-9BF8-55B10E91C313}"
EndProject
Global
	GlobalSection(SolutionConfigurationPlatforms) = preSolution
		Debug|Any CPU = Debug|Any CPU
		Release|Any CPU = Release|Any CPU
	EndGlobalSection
	GlobalSection(ProjectConfigurationPlatforms) = postSolution
		{BCA49C09-0128-4517-AFCB-7EFD01A1D67E}.Debug|Any CPU.ActiveCfg = Debug|Any CPU
		{BCA49C09-0128-4517-AFCB-7EFD01A1D67E}.Debug|Any CPU.Build.0 = Debug|Any CPU
		{BCA49C09-0128-4517-AFCB-7EFD01A1D67E}.Release|Any CPU.ActiveCfg = Release|Any CPU
		{BCA49C09-0128-4517-AFCB-7EFD01A1D67E}.Release|Any CPU.Build.0 = Release|Any CPU
		{911A7215-FEFE-4D94-A31E-3768D3686017}.Debug|Any CPU.ActiveCfg = Debug|Any CPU
		{911A7215-FEFE-4D94-A31E-3768D3686017}.Debug|Any CPU.Build.0 = Debug|Any CPU
		{911A7215-FEFE-4D94-A31E-3768D3686017}.Release|Any CPU.ActiveCfg = Release|Any CPU
		{911A7215-FEFE-4D94-A31E-3768D3686017}.Release|Any CPU.Build.0 = Release|Any CPU
		{45184F16-3B5B-4EBE-BE15-8155E4229BA7}.Debug|Any CPU.ActiveCfg = Debug|Any CPU
		{45184F16-3B5B-4EBE-BE15-8155E4229BA7}.Debug|Any CPU.Build.0 = Debug|Any CPU
		{45184F16-3B5B-4EBE-BE15-8155E4229BA7}.Release|Any CPU.ActiveCfg = Release|Any CPU
		{45184F16-3B5B-4EBE-BE15-8155E4229BA7}.Release|Any CPU.Build.0 = Release|Any CPU
		{F19C0D85-740C-4894-9BF8-55B10E91C313}.Debug|Any CPU.ActiveCfg = Debug|Any CPU
		{F19C0D85-740C-4894-9BF8-55B10E91C313}.Debug|Any CPU.Build.0 = Debug|Any CPU
		{F19C0D85-740C-4894-9BF8-55B10E91C313}.Release|Any CPU.ActiveCfg = Release|Any CPU
		{F19C0D85-740C-4894-9BF8-55B10E91C313}.Release|Any CPU.Build.0 = Release|Any CPU
	EndGlobalSection
EndGlobal
